// !$*UTF8*$!
{
	archiveVersion = 1;
	classes = {
	};
	objectVersion = 46;
	objects = {

/* Begin PBXBuildFile section */
		27321D311DE37837005AC542 /* AppDelegate.swift in Sources */ = {isa = PBXBuildFile; fileRef = 27321D301DE37837005AC542 /* AppDelegate.swift */; };
		27321D331DE37837005AC542 /* ViewController.swift in Sources */ = {isa = PBXBuildFile; fileRef = 27321D321DE37837005AC542 /* ViewController.swift */; };
		27321D361DE37837005AC542 /* Main.storyboard in Resources */ = {isa = PBXBuildFile; fileRef = 27321D341DE37837005AC542 /* Main.storyboard */; };
		27321D381DE37837005AC542 /* Assets.xcassets in Resources */ = {isa = PBXBuildFile; fileRef = 27321D371DE37837005AC542 /* Assets.xcassets */; };
		27321D3B1DE37837005AC542 /* LaunchScreen.storyboard in Resources */ = {isa = PBXBuildFile; fileRef = 27321D391DE37837005AC542 /* LaunchScreen.storyboard */; };
		27321D431DE378D0005AC542 /* AppState.swift in Sources */ = {isa = PBXBuildFile; fileRef = 27321D421DE378D0005AC542 /* AppState.swift */; };
		27321D451DE378D9005AC542 /* AppReducer.swift in Sources */ = {isa = PBXBuildFile; fileRef = 27321D441DE378D9005AC542 /* AppReducer.swift */; };
		27321D471DE37963005AC542 /* Actions.swift in Sources */ = {isa = PBXBuildFile; fileRef = 27321D461DE37963005AC542 /* Actions.swift */; };
		27321D491DE37ADE005AC542 /* ActionCreators.swift in Sources */ = {isa = PBXBuildFile; fileRef = 27321D481DE37ADE005AC542 /* ActionCreators.swift */; };
		A461A0BA8C58A5CE81FA7415 /* Pods_ReSwiftThunkDemo.framework in Frameworks */ = {isa = PBXBuildFile; fileRef = 54BC5902BD5333A237A3AEDE /* Pods_ReSwiftThunkDemo.framework */; };
/* End PBXBuildFile section */

/* Begin PBXFileReference section */
		27321D2D1DE37837005AC542 /* ReSwiftThunkDemo.app */ = {isa = PBXFileReference; explicitFileType = wrapper.application; includeInIndex = 0; path = ReSwiftThunkDemo.app; sourceTree = BUILT_PRODUCTS_DIR; };
		27321D301DE37837005AC542 /* AppDelegate.swift */ = {isa = PBXFileReference; lastKnownFileType = sourcecode.swift; path = AppDelegate.swift; sourceTree = "<group>"; };
		27321D321DE37837005AC542 /* ViewController.swift */ = {isa = PBXFileReference; lastKnownFileType = sourcecode.swift; path = ViewController.swift; sourceTree = "<group>"; };
		27321D351DE37837005AC542 /* Base */ = {isa = PBXFileReference; lastKnownFileType = file.storyboard; name = Base; path = Base.lproj/Main.storyboard; sourceTree = "<group>"; };
		27321D371DE37837005AC542 /* Assets.xcassets */ = {isa = PBXFileReference; lastKnownFileType = folder.assetcatalog; path = Assets.xcassets; sourceTree = "<group>"; };
		27321D3A1DE37837005AC542 /* Base */ = {isa = PBXFileReference; lastKnownFileType = file.storyboard; name = Base; path = Base.lproj/LaunchScreen.storyboard; sourceTree = "<group>"; };
		27321D3C1DE37837005AC542 /* Info.plist */ = {isa = PBXFileReference; lastKnownFileType = text.plist.xml; path = Info.plist; sourceTree = "<group>"; };
		27321D421DE378D0005AC542 /* AppState.swift */ = {isa = PBXFileReference; fileEncoding = 4; lastKnownFileType = sourcecode.swift; path = AppState.swift; sourceTree = "<group>"; };
		27321D441DE378D9005AC542 /* AppReducer.swift */ = {isa = PBXFileReference; fileEncoding = 4; lastKnownFileType = sourcecode.swift; path = AppReducer.swift; sourceTree = "<group>"; };
		27321D461DE37963005AC542 /* Actions.swift */ = {isa = PBXFileReference; fileEncoding = 4; lastKnownFileType = sourcecode.swift; path = Actions.swift; sourceTree = "<group>"; };
		27321D481DE37ADE005AC542 /* ActionCreators.swift */ = {isa = PBXFileReference; fileEncoding = 4; lastKnownFileType = sourcecode.swift; path = ActionCreators.swift; sourceTree = "<group>"; };
		54BC5902BD5333A237A3AEDE /* Pods_ReSwiftThunkDemo.framework */ = {isa = PBXFileReference; explicitFileType = wrapper.framework; includeInIndex = 0; path = Pods_ReSwiftThunkDemo.framework; sourceTree = BUILT_PRODUCTS_DIR; };
		DBC923FBA8825C994102AB64 /* Pods-ReSwiftThunkDemo.debug.xcconfig */ = {isa = PBXFileReference; includeInIndex = 1; lastKnownFileType = text.xcconfig; name = "Pods-ReSwiftThunkDemo.debug.xcconfig"; path = "Pods/Target Support Files/Pods-ReSwiftThunkDemo/Pods-ReSwiftThunkDemo.debug.xcconfig"; sourceTree = "<group>"; };
		FD32F74020A16BAC234C098B /* Pods-ReSwiftThunkDemo.release.xcconfig */ = {isa = PBXFileReference; includeInIndex = 1; lastKnownFileType = text.xcconfig; name = "Pods-ReSwiftThunkDemo.release.xcconfig"; path = "Pods/Target Support Files/Pods-ReSwiftThunkDemo/Pods-ReSwiftThunkDemo.release.xcconfig"; sourceTree = "<group>"; };
/* End PBXFileReference section */

/* Begin PBXFrameworksBuildPhase section */
		27321D2A1DE37837005AC542 /* Frameworks */ = {
			isa = PBXFrameworksBuildPhase;
			buildActionMask = 2147483647;
			files = (
				A461A0BA8C58A5CE81FA7415 /* Pods_ReSwiftThunkDemo.framework in Frameworks */,
			);
			runOnlyForDeploymentPostprocessing = 0;
		};
/* End PBXFrameworksBuildPhase section */

/* Begin PBXGroup section */
		27321D241DE37837005AC542 = {
			isa = PBXGroup;
			children = (
				27321D2F1DE37837005AC542 /* ReSwiftThunkDemo */,
				27321D2E1DE37837005AC542 /* Products */,
				77F7940B676FFA54BC2CC980 /* Pods */,
				D7A0A858E25488902F9C1160 /* Frameworks */,
			);
			sourceTree = "<group>";
		};
		27321D2E1DE37837005AC542 /* Products */ = {
			isa = PBXGroup;
			children = (
				27321D2D1DE37837005AC542 /* ReSwiftThunkDemo.app */,
			);
			name = Products;
			sourceTree = "<group>";
		};
		27321D2F1DE37837005AC542 /* ReSwiftThunkDemo */ = {
			isa = PBXGroup;
			children = (
				27321D301DE37837005AC542 /* AppDelegate.swift */,
				27321D321DE37837005AC542 /* ViewController.swift */,
				27321D461DE37963005AC542 /* Actions.swift */,
				27321D481DE37ADE005AC542 /* ActionCreators.swift */,
				27321D441DE378D9005AC542 /* AppReducer.swift */,
				27321D421DE378D0005AC542 /* AppState.swift */,
				27321D341DE37837005AC542 /* Main.storyboard */,
				27321D371DE37837005AC542 /* Assets.xcassets */,
				27321D391DE37837005AC542 /* LaunchScreen.storyboard */,
				27321D3C1DE37837005AC542 /* Info.plist */,
			);
			path = ReSwiftThunkDemo;
			sourceTree = "<group>";
		};
		77F7940B676FFA54BC2CC980 /* Pods */ = {
			isa = PBXGroup;
			children = (
				DBC923FBA8825C994102AB64 /* Pods-ReSwiftThunkDemo.debug.xcconfig */,
				FD32F74020A16BAC234C098B /* Pods-ReSwiftThunkDemo.release.xcconfig */,
			);
			name = Pods;
			sourceTree = "<group>";
		};
		D7A0A858E25488902F9C1160 /* Frameworks */ = {
			isa = PBXGroup;
			children = (
				54BC5902BD5333A237A3AEDE /* Pods_ReSwiftThunkDemo.framework */,
			);
			name = Frameworks;
			sourceTree = "<group>";
		};
/* End PBXGroup section */

/* Begin PBXNativeTarget section */
		27321D2C1DE37837005AC542 /* ReSwiftThunkDemo */ = {
			isa = PBXNativeTarget;
			buildConfigurationList = 27321D3F1DE37837005AC542 /* Build configuration list for PBXNativeTarget "ReSwiftThunkDemo" */;
			buildPhases = (
				C6FD87BF8C9D1E778D894E44 /* [CP] Check Pods Manifest.lock */,
				27321D291DE37837005AC542 /* Sources */,
				27321D2A1DE37837005AC542 /* Frameworks */,
				27321D2B1DE37837005AC542 /* Resources */,
				1118783A920BA4E08A77CB2D /* [CP] Embed Pods Frameworks */,
				66E95F1D792DCFE54925EFCA /* [CP] Copy Pods Resources */,
			);
			buildRules = (
			);
			dependencies = (
			);
			name = ReSwiftThunkDemo;
			productName = ReSwiftThunkDemo;
			productReference = 27321D2D1DE37837005AC542 /* ReSwiftThunkDemo.app */;
			productType = "com.apple.product-type.application";
		};
/* End PBXNativeTarget section */

/* Begin PBXProject section */
		27321D251DE37837005AC542 /* Project object */ = {
			isa = PBXProject;
			attributes = {
				LastSwiftUpdateCheck = 0810;
				LastUpgradeCheck = 0810;
				ORGANIZATIONNAME = "iOS Mike";
				TargetAttributes = {
					27321D2C1DE37837005AC542 = {
						CreatedOnToolsVersion = 8.1;
						ProvisioningStyle = Automatic;
					};
				};
			};
			buildConfigurationList = 27321D281DE37837005AC542 /* Build configuration list for PBXProject "ReSwiftThunkDemo" */;
			compatibilityVersion = "Xcode 3.2";
			developmentRegion = English;
			hasScannedForEncodings = 0;
			knownRegions = (
				en,
				Base,
			);
			mainGroup = 27321D241DE37837005AC542;
			productRefGroup = 27321D2E1DE37837005AC542 /* Products */;
			projectDirPath = "";
			projectRoot = "";
			targets = (
				27321D2C1DE37837005AC542 /* ReSwiftThunkDemo */,
			);
		};
/* End PBXProject section */

/* Begin PBXResourcesBuildPhase section */
		27321D2B1DE37837005AC542 /* Resources */ = {
			isa = PBXResourcesBuildPhase;
			buildActionMask = 2147483647;
			files = (
				27321D3B1DE37837005AC542 /* LaunchScreen.storyboard in Resources */,
				27321D381DE37837005AC542 /* Assets.xcassets in Resources */,
				27321D361DE37837005AC542 /* Main.storyboard in Resources */,
			);
			runOnlyForDeploymentPostprocessing = 0;
		};
/* End PBXResourcesBuildPhase section */

/* Begin PBXShellScriptBuildPhase section */
		1118783A920BA4E08A77CB2D /* [CP] Embed Pods Frameworks */ = {
			isa = PBXShellScriptBuildPhase;
			buildActionMask = 2147483647;
			files = (
			);
			inputPaths = (
			);
			name = "[CP] Embed Pods Frameworks";
			outputPaths = (
			);
			runOnlyForDeploymentPostprocessing = 0;
			shellPath = /bin/sh;
			shellScript = "\"${SRCROOT}/Pods/Target Support Files/Pods-ReSwiftThunkDemo/Pods-ReSwiftThunkDemo-frameworks.sh\"\n";
			showEnvVarsInLog = 0;
		};
		66E95F1D792DCFE54925EFCA /* [CP] Copy Pods Resources */ = {
			isa = PBXShellScriptBuildPhase;
			buildActionMask = 2147483647;
			files = (
			);
			inputPaths = (
			);
			name = "[CP] Copy Pods Resources";
			outputPaths = (
			);
			runOnlyForDeploymentPostprocessing = 0;
			shellPath = /bin/sh;
			shellScript = "\"${SRCROOT}/Pods/Target Support Files/Pods-ReSwiftThunkDemo/Pods-ReSwiftThunkDemo-resources.sh\"\n";
			showEnvVarsInLog = 0;
		};
		C6FD87BF8C9D1E778D894E44 /* [CP] Check Pods Manifest.lock */ = {
			isa = PBXShellScriptBuildPhase;
			buildActionMask = 2147483647;
			files = (
			);
			inputPaths = (
			);
			name = "[CP] Check Pods Manifest.lock";
			outputPaths = (
			);
			runOnlyForDeploymentPostprocessing = 0;
			shellPath = /bin/sh;
			shellScript = "diff \"${PODS_ROOT}/../Podfile.lock\" \"${PODS_ROOT}/Manifest.lock\" > /dev/null\nif [ $? != 0 ] ; then\n    # print error to STDERR\n    echo \"error: The sandbox is not in sync with the Podfile.lock. Run 'pod install' or update your CocoaPods installation.\" >&2\n    exit 1\nfi\n";
			showEnvVarsInLog = 0;
		};
/* End PBXShellScriptBuildPhase section */

/* Begin PBXSourcesBuildPhase section */
		27321D291DE37837005AC542 /* Sources */ = {
			isa = PBXSourcesBuildPhase;
			buildActionMask = 2147483647;
			files = (
				27321D491DE37ADE005AC542 /* ActionCreators.swift in Sources */,
				27321D471DE37963005AC542 /* Actions.swift in Sources */,
				27321D431DE378D0005AC542 /* AppState.swift in Sources */,
				27321D331DE37837005AC542 /* ViewController.swift in Sources */,
				27321D451DE378D9005AC542 /* AppReducer.swift in Sources */,
				27321D311DE37837005AC542 /* AppDelegate.swift in Sources */,
			);
			runOnlyForDeploymentPostprocessing = 0;
		};
/* End PBXSourcesBuildPhase section */

/* Begin PBXVariantGroup section */
		27321D341DE37837005AC542 /* Main.storyboard */ = {
			isa = PBXVariantGroup;
			children = (
				27321D351DE37837005AC542 /* Base */,
			);
			name = Main.storyboard;
			sourceTree = "<group>";
		};
		27321D391DE37837005AC542 /* LaunchScreen.storyboard */ = {
			isa = PBXVariantGroup;
			children = (
				27321D3A1DE37837005AC542 /* Base */,
			);
			name = LaunchScreen.storyboard;
			sourceTree = "<group>";
		};
/* End PBXVariantGroup section */

/* Begin XCBuildConfiguration section */
		27321D3D1DE37837005AC542 /* Debug */ = {
			isa = XCBuildConfiguration;
			buildSettings = {
				ALWAYS_SEARCH_USER_PATHS = NO;
				CLANG_ANALYZER_NONNULL = YES;
				CLANG_CXX_LANGUAGE_STANDARD = "gnu++0x";
				CLANG_CXX_LIBRARY = "libc++";
				CLANG_ENABLE_MODULES = YES;
				CLANG_ENABLE_OBJC_ARC = YES;
				CLANG_WARN_BOOL_CONVERSION = YES;
				CLANG_WARN_CONSTANT_CONVERSION = YES;
				CLANG_WARN_DIRECT_OBJC_ISA_USAGE = YES_ERROR;
				CLANG_WARN_DOCUMENTATION_COMMENTS = YES;
				CLANG_WARN_EMPTY_BODY = YES;
				CLANG_WARN_ENUM_CONVERSION = YES;
				CLANG_WARN_INFINITE_RECURSION = YES;
				CLANG_WARN_INT_CONVERSION = YES;
				CLANG_WARN_OBJC_ROOT_CLASS = YES_ERROR;
				CLANG_WARN_SUSPICIOUS_MOVES = YES;
				CLANG_WARN_UNREACHABLE_CODE = YES;
				CLANG_WARN__DUPLICATE_METHOD_MATCH = YES;
				"CODE_SIGN_IDENTITY[sdk=iphoneos*]" = "iPhone Developer";
				COPY_PHASE_STRIP = NO;
				DEBUG_INFORMATION_FORMAT = dwarf;
				ENABLE_STRICT_OBJC_MSGSEND = YES;
				ENABLE_TESTABILITY = YES;
				GCC_C_LANGUAGE_STANDARD = gnu99;
				GCC_DYNAMIC_NO_PIC = NO;
				GCC_NO_COMMON_BLOCKS = YES;
				GCC_OPTIMIZATION_LEVEL = 0;
				GCC_PREPROCESSOR_DEFINITIONS = (
					"DEBUG=1",
					"$(inherited)",
				);
				GCC_WARN_64_TO_32_BIT_CONVERSION = YES;
				GCC_WARN_ABOUT_RETURN_TYPE = YES_ERROR;
				GCC_WARN_UNDECLARED_SELECTOR = YES;
				GCC_WARN_UNINITIALIZED_AUTOS = YES_AGGRESSIVE;
				GCC_WARN_UNUSED_FUNCTION = YES;
				GCC_WARN_UNUSED_VARIABLE = YES;
				IPHONEOS_DEPLOYMENT_TARGET = 10.1;
				MTL_ENABLE_DEBUG_INFO = YES;
				ONLY_ACTIVE_ARCH = YES;
				SDKROOT = iphoneos;
				SWIFT_ACTIVE_COMPILATION_CONDITIONS = DEBUG;
				SWIFT_OPTIMIZATION_LEVEL = "-Onone";
				TARGETED_DEVICE_FAMILY = "1,2";
			};
			name = Debug;
		};
		27321D3E1DE37837005AC542 /* Release */ = {
			isa = XCBuildConfiguration;
			buildSettings = {
				ALWAYS_SEARCH_USER_PATHS = NO;
				CLANG_ANALYZER_NONNULL = YES;
				CLANG_CXX_LANGUAGE_STANDARD = "gnu++0x";
				CLANG_CXX_LIBRARY = "libc++";
				CLANG_ENABLE_MODULES = YES;
				CLANG_ENABLE_OBJC_ARC = YES;
				CLANG_WARN_BOOL_CONVERSION = YES;
				CLANG_WARN_CONSTANT_CONVERSION = YES;
				CLANG_WARN_DIRECT_OBJC_ISA_USAGE = YES_ERROR;
				CLANG_WARN_DOCUMENTATION_COMMENTS = YES;
				CLANG_WARN_EMPTY_BODY = YES;
				CLANG_WARN_ENUM_CONVERSION = YES;
				CLANG_WARN_INFINITE_RECURSION = YES;
				CLANG_WARN_INT_CONVERSION = YES;
				CLANG_WARN_OBJC_ROOT_CLASS = YES_ERROR;
				CLANG_WARN_SUSPICIOUS_MOVES = YES;
				CLANG_WARN_UNREACHABLE_CODE = YES;
				CLANG_WARN__DUPLICATE_METHOD_MATCH = YES;
				"CODE_SIGN_IDENTITY[sdk=iphoneos*]" = "iPhone Developer";
				COPY_PHASE_STRIP = NO;
				DEBUG_INFORMATION_FORMAT = "dwarf-with-dsym";
				ENABLE_NS_ASSERTIONS = NO;
				ENABLE_STRICT_OBJC_MSGSEND = YES;
				GCC_C_LANGUAGE_STANDARD = gnu99;
				GCC_NO_COMMON_BLOCKS = YES;
				GCC_WARN_64_TO_32_BIT_CONVERSION = YES;
				GCC_WARN_ABOUT_RETURN_TYPE = YES_ERROR;
				GCC_WARN_UNDECLARED_SELECTOR = YES;
				GCC_WARN_UNINITIALIZED_AUTOS = YES_AGGRESSIVE;
				GCC_WARN_UNUSED_FUNCTION = YES;
				GCC_WARN_UNUSED_VARIABLE = YES;
				IPHONEOS_DEPLOYMENT_TARGET = 10.1;
				MTL_ENABLE_DEBUG_INFO = NO;
				SDKROOT = iphoneos;
				SWIFT_OPTIMIZATION_LEVEL = "-Owholemodule";
				TARGETED_DEVICE_FAMILY = "1,2";
				VALIDATE_PRODUCT = YES;
			};
			name = Release;
		};
		27321D401DE37837005AC542 /* Debug */ = {
			isa = XCBuildConfiguration;
			baseConfigurationReference = DBC923FBA8825C994102AB64 /* Pods-ReSwiftThunkDemo.debug.xcconfig */;
			buildSettings = {
				ASSETCATALOG_COMPILER_APPICON_NAME = AppIcon;
				INFOPLIST_FILE = ReSwiftThunkDemo/Info.plist;
				LD_RUNPATH_SEARCH_PATHS = "$(inherited) @executable_path/Frameworks";
				PRODUCT_BUNDLE_IDENTIFIER = com.iosmike.ReSwiftThunkDemo;
				PRODUCT_NAME = "$(TARGET_NAME)";
				SWIFT_VERSION = 3.0;
			};
			name = Debug;
		};
		27321D411DE37837005AC542 /* Release */ = {
			isa = XCBuildConfiguration;
			baseConfigurationReference = FD32F74020A16BAC234C098B /* Pods-ReSwiftThunkDemo.release.xcconfig */;
			buildSettings = {
				ASSETCATALOG_COMPILER_APPICON_NAME = AppIcon;
				INFOPLIST_FILE = ReSwiftThunkDemo/Info.plist;
				LD_RUNPATH_SEARCH_PATHS = "$(inherited) @executable_path/Frameworks";
				PRODUCT_BUNDLE_IDENTIFIER = com.iosmike.ReSwiftThunkDemo;
				PRODUCT_NAME = "$(TARGET_NAME)";
				SWIFT_VERSION = 3.0;
			};
			name = Release;
		};
/* End XCBuildConfiguration section */

/* Begin XCConfigurationList section */
		27321D281DE37837005AC542 /* Build configuration list for PBXProject "ReSwiftThunkDemo" */ = {
			isa = XCConfigurationList;
			buildConfigurations = (
				27321D3D1DE37837005AC542 /* Debug */,
				27321D3E1DE37837005AC542 /* Release */,
			);
			defaultConfigurationIsVisible = 0;
			defaultConfigurationName = Release;
		};
		27321D3F1DE37837005AC542 /* Build configuration list for PBXNativeTarget "ReSwiftThunkDemo" */ = {
			isa = XCConfigurationList;
			buildConfigurations = (
				27321D401DE37837005AC542 /* Debug */,
				27321D411DE37837005AC542 /* Release */,
			);
			defaultConfigurationIsVisible = 0;
			defaultConfigurationName = Release;
		};
/* End XCConfigurationList section */
	};
	rootObject = 27321D251DE37837005AC542 /* Project object */;
}
